{
	"name": "@wayward/types",
	"version": "2.8.0",
	"lockfileVersion": 1,
	"requires": true,
	"dependencies": {
		"@types/fs-extra": {
			"version": "9.0.13",
			"resolved": "https://registry.npmjs.org/@types/fs-extra/-/fs-extra-9.0.13.tgz",
			"integrity": "sha512-nEnwB++1u5lVDM2UI4c1+5R+FYaKfaAzS4OococimjVm3nQw3TuzH5UNsocrcTBbhnerblyHj4A49qXbIiZdpA==",
			"requires": {
				"@types/node": "*"
			}
		},
		"@types/node": {
			"version": "17.0.5",
			"resolved": "https://registry.npmjs.org/@types/node/-/node-17.0.5.tgz",
			"integrity": "sha512-w3mrvNXLeDYV1GKTZorGJQivK6XLCoGwpnyJFbJVK/aTBQUxOCaa/GlFAAN3OTDFcb7h5tiFG+YXCO2By+riZw=="
		},
		"@wayward/goodstream": {
			"version": "0.7.1",
			"resolved": "https://registry.npmjs.org/@wayward/goodstream/-/goodstream-0.7.1.tgz",
			"integrity": "sha512-llCFpV78lTfPsbJmoD4lpIiPnYoT8F+DqvWfO+8Ekk1nqeKLqcmGTmkiIfydK5PrV+DtqBnWnqGp/zSOOceQOg=="
		}
	}
}
